
Microsoft Visual Studio Solution File, Format Version 12.00
# Visual Studio Version 17
VisualStudioVersion = 17.11.35303.130
MinimumVisualStudioVersion = 10.0.40219.1
Project("{9A19103F-16F7-4668-BE54-9A1E7A4F7556}") = "Service.Audience", "Service.Audience\Service.Audience.csproj", "{72680E33-D226-438E-A677-A3C009B99A8A}"
EndProject
Project("{9A19103F-16F7-4668-BE54-9A1E7A4F7556}") = "Service.Housing", "Service.Housing\Service.Housing.csproj", "{BB6B1832-9E33-49E4-8F64-35CBE6A6596A}"
EndProject
Project("{9A19103F-16F7-4668-BE54-9A1E7A4F7556}") = "Service.Common", "Service.Common\Service.Common.csproj", "{24D25551-7EDE-4126-840B-D6B06827CE26}"
EndProject
Project("{FAE04EC0-301F-11D3-BF4B-00C04F79EFBC}") = "Service.Notification", "Service.Notification\Service.Notification.csproj", "{B0AACD59-445A-4707-A1CC-5DDB452C41DD}"
EndProject
Global
	GlobalSection(SolutionConfigurationPlatforms) = preSolution
		Debug|Any CPU = Debug|Any CPU
		Release|Any CPU = Release|Any CPU
	EndGlobalSection
	GlobalSection(ProjectConfigurationPlatforms) = postSolution
		{72680E33-D226-438E-A677-A3C009B99A8A}.Debug|Any CPU.ActiveCfg = Debug|Any CPU
		{72680E33-D226-438E-A677-A3C009B99A8A}.Debug|Any CPU.Build.0 = Debug|Any CPU
		{72680E33-D226-438E-A677-A3C009B99A8A}.Release|Any CPU.ActiveCfg = Release|Any CPU
		{72680E33-D226-438E-A677-A3C009B99A8A}.Release|Any CPU.Build.0 = Release|Any CPU
		{BB6B1832-9E33-49E4-8F64-35CBE6A6596A}.Debug|Any CPU.ActiveCfg = Debug|Any CPU
		{BB6B1832-9E33-49E4-8F64-35CBE6A6596A}.Debug|Any CPU.Build.0 = Debug|Any CPU
		{BB6B1832-9E33-49E4-8F64-35CBE6A6596A}.Release|Any CPU.ActiveCfg = Release|Any CPU
		{BB6B1832-9E33-49E4-8F64-35CBE6A6596A}.Release|Any CPU.Build.0 = Release|Any CPU
		{24D25551-7EDE-4126-840B-D6B06827CE26}.Debug|Any CPU.ActiveCfg = Debug|Any CPU
		{24D25551-7EDE-4126-840B-D6B06827CE26}.Debug|Any CPU.Build.0 = Debug|Any CPU
		{24D25551-7EDE-4126-840B-D6B06827CE26}.Release|Any CPU.ActiveCfg = Release|Any CPU
		{24D25551-7EDE-4126-840B-D6B06827CE26}.Release|Any CPU.Build.0 = Release|Any CPU
		{B0AACD59-445A-4707-A1CC-5DDB452C41DD}.Debug|Any CPU.ActiveCfg = Debug|Any CPU
		{B0AACD59-445A-4707-A1CC-5DDB452C41DD}.Debug|Any CPU.Build.0 = Debug|Any CPU
		{B0AACD59-445A-4707-A1CC-5DDB452C41DD}.Release|Any CPU.ActiveCfg = Release|Any CPU
		{B0AACD59-445A-4707-A1CC-5DDB452C41DD}.Release|Any CPU.Build.0 = Release|Any CPU
	EndGlobalSection
	GlobalSection(SolutionProperties) = preSolution
		HideSolutionNode = FALSE
	EndGlobalSection
	GlobalSection(ExtensibilityGlobals) = postSolution
		SolutionGuid = {EEA0C78A-DAC9-4B73-9BCE-E676F54ACFB3}
	EndGlobalSection
EndGlobal
